// !$*UTF8*$!
{
	archiveVersion = 1;
	classes = {
	};
	objectVersion = 46;
	objects = {

/* Begin PBXBuildFile section */
		7F2B81A71ADE61780029A717 /* AppDelegate.swift in Sources */ = {isa = PBXBuildFile; fileRef = 7F2B81A61ADE61780029A717 /* AppDelegate.swift */; };
		7F2B81A91ADE61780029A717 /* ViewController.swift in Sources */ = {isa = PBXBuildFile; fileRef = 7F2B81A81ADE61780029A717 /* ViewController.swift */; };
		7F2B81AC1ADE61780029A717 /* Main.storyboard in Resources */ = {isa = PBXBuildFile; fileRef = 7F2B81AA1ADE61780029A717 /* Main.storyboard */; };
		7F2B81AE1ADE61780029A717 /* Images.xcassets in Resources */ = {isa = PBXBuildFile; fileRef = 7F2B81AD1ADE61780029A717 /* Images.xcassets */; };
		7F2B81B11ADE61780029A717 /* LaunchScreen.xib in Resources */ = {isa = PBXBuildFile; fileRef = 7F2B81AF1ADE61780029A717 /* LaunchScreen.xib */; };
		7F2B81BD1ADE61780029A717 /* SortDemoTests.swift in Sources */ = {isa = PBXBuildFile; fileRef = 7F2B81BC1ADE61780029A717 /* SortDemoTests.swift */; };
/* End PBXBuildFile section */

/* Begin PBXContainerItemProxy section */
		7F2B81B71ADE61780029A717 /* PBXContainerItemProxy */ = {
			isa = PBXContainerItemProxy;
			containerPortal = 7F2B81991ADE61770029A717 /* Project object */;
			proxyType = 1;
			remoteGlobalIDString = 7F2B81A01ADE61780029A717;
			remoteInfo = SortDemo;
		};
/* End PBXContainerItemProxy section */

/* Begin PBXFileReference section */
		7F2B81A11ADE61780029A717 /* SortDemo.app */ = {isa = PBXFileReference; explicitFileType = wrapper.application; includeInIndex = 0; path = SortDemo.app; sourceTree = BUILT_PRODUCTS_DIR; };
		7F2B81A51ADE61780029A717 /* Info.plist */ = {isa = PBXFileReference; lastKnownFileType = text.plist.xml; path = Info.plist; sourceTree = "<group>"; };
		7F2B81A61ADE61780029A717 /* AppDelegate.swift */ = {isa = PBXFileReference; lastKnownFileType = sourcecode.swift; path = AppDelegate.swift; sourceTree = "<group>"; };
		7F2B81A81ADE61780029A717 /* ViewController.swift */ = {isa = PBXFileReference; lastKnownFileType = sourcecode.swift; path = ViewController.swift; sourceTree = "<group>"; };
		7F2B81AB1ADE61780029A717 /* Base */ = {isa = PBXFileReference; lastKnownFileType = file.storyboard; name = Base; path = Base.lproj/Main.storyboard; sourceTree = "<group>"; };
		7F2B81AD1ADE61780029A717 /* Images.xcassets */ = {isa = PBXFileReference; lastKnownFileType = folder.assetcatalog; path = Images.xcassets; sourceTree = "<group>"; };
		7F2B81B01ADE61780029A717 /* Base */ = {isa = PBXFileReference; lastKnownFileType = file.xib; name = Base; path = Base.lproj/LaunchScreen.xib; sourceTree = "<group>"; };
		7F2B81B61ADE61780029A717 /* SortDemoTests.xctest */ = {isa = PBXFileReference; explicitFileType = wrapper.cfbundle; includeInIndex = 0; path = SortDemoTests.xctest; sourceTree = BUILT_PRODUCTS_DIR; };
		7F2B81BB1ADE61780029A717 /* Info.plist */ = {isa = PBXFileReference; lastKnownFileType = text.plist.xml; path = Info.plist; sourceTree = "<group>"; };
		7F2B81BC1ADE61780029A717 /* SortDemoTests.swift */ = {isa = PBXFileReference; lastKnownFileType = sourcecode.swift; path = SortDemoTests.swift; sourceTree = "<group>"; };
/* End PBXFileReference section */

/* Begin PBXFrameworksBuildPhase section */
		7F2B819E1ADE61780029A717 /* Frameworks */ = {
			isa = PBXFrameworksBuildPhase;
			buildActionMask = 2147483647;
			files = (
			);
			runOnlyForDeploymentPostprocessing = 0;
		};
		7F2B81B31ADE61780029A717 /* Frameworks */ = {
			isa = PBXFrameworksBuildPhase;
			buildActionMask = 2147483647;
			files = (
			);
			runOnlyForDeploymentPostprocessing = 0;
		};
/* End PBXFrameworksBuildPhase section */

/* Begin PBXGroup section */
		7F2B81981ADE61770029A717 = {
			isa = PBXGroup;
			children = (
				7F2B81A31ADE61780029A717 /* SortDemo */,
				7F2B81B91ADE61780029A717 /* SortDemoTests */,
				7F2B81A21ADE61780029A717 /* Products */,
			);
			sourceTree = "<group>";
		};
		7F2B81A21ADE61780029A717 /* Products */ = {
			isa = PBXGroup;
			children = (
				7F2B81A11ADE61780029A717 /* SortDemo.app */,
				7F2B81B61ADE61780029A717 /* SortDemoTests.xctest */,
			);
			name = Products;
			sourceTree = "<group>";
		};
		7F2B81A31ADE61780029A717 /* SortDemo */ = {
			isa = PBXGroup;
			children = (
				7F2B81A61ADE61780029A717 /* AppDelegate.swift */,
				7F2B81A81ADE61780029A717 /* ViewController.swift */,
				7F2B81AA1ADE61780029A717 /* Main.storyboard */,
				7F2B81AD1ADE61780029A717 /* Images.xcassets */,
				7F2B81AF1ADE61780029A717 /* LaunchScreen.xib */,
				7F2B81A41ADE61780029A717 /* Supporting Files */,
			);
			path = SortDemo;
			sourceTree = "<group>";
		};
		7F2B81A41ADE61780029A717 /* Supporting Files */ = {
			isa = PBXGroup;
			children = (
				7F2B81A51ADE61780029A717 /* Info.plist */,
			);
			name = "Supporting Files";
			sourceTree = "<group>";
		};
		7F2B81B91ADE61780029A717 /* SortDemoTests */ = {
			isa = PBXGroup;
			children = (
				7F2B81BC1ADE61780029A717 /* SortDemoTests.swift */,
				7F2B81BA1ADE61780029A717 /* Supporting Files */,
			);
			path = SortDemoTests;
			sourceTree = "<group>";
		};
		7F2B81BA1ADE61780029A717 /* Supporting Files */ = {
			isa = PBXGroup;
			children = (
				7F2B81BB1ADE61780029A717 /* Info.plist */,
			);
			name = "Supporting Files";
			sourceTree = "<group>";
		};
/* End PBXGroup section */

/* Begin PBXNativeTarget section */
		7F2B81A01ADE61780029A717 /* SortDemo */ = {
			isa = PBXNativeTarget;
			buildConfigurationList = 7F2B81C01ADE61780029A717 /* Build configuration list for PBXNativeTarget "SortDemo" */;
			buildPhases = (
				7F2B819D1ADE61780029A717 /* Sources */,
				7F2B819E1ADE61780029A717 /* Frameworks */,
				7F2B819F1ADE61780029A717 /* Resources */,
			);
			buildRules = (
			);
			dependencies = (
			);
			name = SortDemo;
			productName = SortDemo;
			productReference = 7F2B81A11ADE61780029A717 /* SortDemo.app */;
			productType = "com.apple.product-type.application";
		};
		7F2B81B51ADE61780029A717 /* SortDemoTests */ = {
			isa = PBXNativeTarget;
			buildConfigurationList = 7F2B81C31ADE61780029A717 /* Build configuration list for PBXNativeTarget "SortDemoTests" */;
			buildPhases = (
				7F2B81B21ADE61780029A717 /* Sources */,
				7F2B81B31ADE61780029A717 /* Frameworks */,
				7F2B81B41ADE61780029A717 /* Resources */,
			);
			buildRules = (
			);
			dependencies = (
				7F2B81B81ADE61780029A717 /* PBXTargetDependency */,
			);
			name = SortDemoTests;
			productName = SortDemoTests;
			productReference = 7F2B81B61ADE61780029A717 /* SortDemoTests.xctest */;
			productType = "com.apple.product-type.bundle.unit-test";
		};
/* End PBXNativeTarget section */

/* Begin PBXProject section */
		7F2B81991ADE61770029A717 /* Project object */ = {
			isa = PBXProject;
			attributes = {
				LastUpgradeCheck = 0630;
				ORGANIZATIONNAME = "陈鲲鹏";
				TargetAttributes = {
					7F2B81A01ADE61780029A717 = {
						CreatedOnToolsVersion = 6.3;
					};
					7F2B81B51ADE61780029A717 = {
						CreatedOnToolsVersion = 6.3;
						TestTargetID = 7F2B81A01ADE61780029A717;
					};
				};
			};
			buildConfigurationList = 7F2B819C1ADE61780029A717 /* Build configuration list for PBXProject "SortDemo" */;
			compatibilityVersion = "Xcode 3.2";
			developmentRegion = English;
			hasScannedForEncodings = 0;
			knownRegions = (
				en,
				Base,
			);
			mainGroup = 7F2B81981ADE61770029A717;
			productRefGroup = 7F2B81A21ADE61780029A717 /* Products */;
			projectDirPath = "";
			projectRoot = "";
			targets = (
				7F2B81A01ADE61780029A717 /* SortDemo */,
				7F2B81B51ADE61780029A717 /* SortDemoTests */,
			);
		};
/* End PBXProject section */

/* Begin PBXResourcesBuildPhase section */
		7F2B819F1ADE61780029A717 /* Resources */ = {
			isa = PBXResourcesBuildPhase;
			buildActionMask = 2147483647;
			files = (
				7F2B81AC1ADE61780029A717 /* Main.storyboard in Resources */,
				7F2B81B11ADE61780029A717 /* LaunchScreen.xib in Resources */,
				7F2B81AE1ADE61780029A717 /* Images.xcassets in Resources */,
			);
			runOnlyForDeploymentPostprocessing = 0;
		};
		7F2B81B41ADE61780029A717 /* Resources */ = {
			isa = PBXResourcesBuildPhase;
			buildActionMask = 2147483647;
			files = (
			);
			runOnlyForDeploymentPostprocessing = 0;
		};
/* End PBXResourcesBuildPhase section */

/* Begin PBXSourcesBuildPhase section */
		7F2B819D1ADE61780029A717 /* Sources */ = {
			isa = PBXSourcesBuildPhase;
			buildActionMask = 2147483647;
			files = (
				7F2B81A91ADE61780029A717 /* ViewController.swift in Sources */,
				7F2B81A71ADE61780029A717 /* AppDelegate.swift in Sources */,
			);
			runOnlyForDeploymentPostprocessing = 0;
		};
		7F2B81B21ADE61780029A717 /* Sources */ = {
			isa = PBXSourcesBuildPhase;
			buildActionMask = 2147483647;
			files = (
				7F2B81BD1ADE61780029A717 /* SortDemoTests.swift in Sources */,
			);
			runOnlyForDeploymentPostprocessing = 0;
		};
/* End PBXSourcesBuildPhase section */

/* Begin PBXTargetDependency section */
		7F2B81B81ADE61780029A717 /* PBXTargetDependency */ = {
			isa = PBXTargetDependency;
			target = 7F2B81A01ADE61780029A717 /* SortDemo */;
			targetProxy = 7F2B81B71ADE61780029A717 /* PBXContainerItemProxy */;
		};
/* End PBXTargetDependency section */

/* Begin PBXVariantGroup section */
		7F2B81AA1ADE61780029A717 /* Main.storyboard */ = {
			isa = PBXVariantGroup;
			children = (
				7F2B81AB1ADE61780029A717 /* Base */,
			);
			name = Main.storyboard;
			sourceTree = "<group>";
		};
		7F2B81AF1ADE61780029A717 /* LaunchScreen.xib */ = {
			isa = PBXVariantGroup;
			children = (
				7F2B81B01ADE61780029A717 /* Base */,
			);
			name = LaunchScreen.xib;
			sourceTree = "<group>";
		};
/* End PBXVariantGroup section */

/* Begin XCBuildConfiguration section */
		7F2B81BE1ADE61780029A717 /* Debug */ = {
			isa = XCBuildConfiguration;
			buildSettings = {
				ALWAYS_SEARCH_USER_PATHS = NO;
				CLANG_CXX_LANGUAGE_STANDARD = "gnu++0x";
				CLANG_CXX_LIBRARY = "libc++";
				CLANG_ENABLE_MODULES = YES;
				CLANG_ENABLE_OBJC_ARC = YES;
				CLANG_WARN_BOOL_CONVERSION = YES;
				CLANG_WARN_CONSTANT_CONVERSION = YES;
				CLANG_WARN_DIRECT_OBJC_ISA_USAGE = YES_ERROR;
				CLANG_WARN_EMPTY_BODY = YES;
				CLANG_WARN_ENUM_CONVERSION = YES;
				CLANG_WARN_INT_CONVERSION = YES;
				CLANG_WARN_OBJC_ROOT_CLASS = YES_ERROR;
				CLANG_WARN_UNREACHABLE_CODE = YES;
				CLANG_WARN__DUPLICATE_METHOD_MATCH = YES;
				"CODE_SIGN_IDENTITY[sdk=iphoneos*]" = "iPhone Developer";
				COPY_PHASE_STRIP = NO;
				DEBUG_INFORMATION_FORMAT = "dwarf-with-dsym";
				ENABLE_STRICT_OBJC_MSGSEND = YES;
				GCC_C_LANGUAGE_STANDARD = gnu99;
				GCC_DYNAMIC_NO_PIC = NO;
				GCC_NO_COMMON_BLOCKS = YES;
				GCC_OPTIMIZATION_LEVEL = 0;
				GCC_PREPROCESSOR_DEFINITIONS = (
					"DEBUG=1",
					"$(inherited)",
				);
				GCC_SYMBOLS_PRIVATE_EXTERN = NO;
				GCC_WARN_64_TO_32_BIT_CONVERSION = YES;
				GCC_WARN_ABOUT_RETURN_TYPE = YES_ERROR;
				GCC_WARN_UNDECLARED_SELECTOR = YES;
				GCC_WARN_UNINITIALIZED_AUTOS = YES_AGGRESSIVE;
				GCC_WARN_UNUSED_FUNCTION = YES;
				GCC_WARN_UNUSED_VARIABLE = YES;
				IPHONEOS_DEPLOYMENT_TARGET = 8.3;
				MTL_ENABLE_DEBUG_INFO = YES;
				ONLY_ACTIVE_ARCH = YES;
				SDKROOT = iphoneos;
				SWIFT_OPTIMIZATION_LEVEL = "-Onone";
			};
			name = Debug;
		};
		7F2B81BF1ADE61780029A717 /* Release */ = {
			isa = XCBuildConfiguration;
			buildSettings = {
				ALWAYS_SEARCH_USER_PATHS = NO;
				CLANG_CXX_LANGUAGE_STANDARD = "gnu++0x";
				CLANG_CXX_LIBRARY = "libc++";
				CLANG_ENABLE_MODULES = YES;
				CLANG_ENABLE_OBJC_ARC = YES;
				CLANG_WARN_BOOL_CONVERSION = YES;
				CLANG_WARN_CONSTANT_CONVERSION = YES;
				CLANG_WARN_DIRECT_OBJC_ISA_USAGE = YES_ERROR;
				CLANG_WARN_EMPTY_BODY = YES;
				CLANG_WARN_ENUM_CONVERSION = YES;
				CLANG_WARN_INT_CONVERSION = YES;
				CLANG_WARN_OBJC_ROOT_CLASS = YES_ERROR;
				CLANG_WARN_UNREACHABLE_CODE = YES;
				CLANG_WARN__DUPLICATE_METHOD_MATCH = YES;
				"CODE_SIGN_IDENTITY[sdk=iphoneos*]" = "iPhone Developer";
				COPY_PHASE_STRIP = NO;
				DEBUG_INFORMATION_FORMAT = "dwarf-with-dsym";
				ENABLE_NS_ASSERTIONS = NO;
				ENABLE_STRICT_OBJC_MSGSEND = YES;
				GCC_C_LANGUAGE_STANDARD = gnu99;
				GCC_NO_COMMON_BLOCKS = YES;
				GCC_WARN_64_TO_32_BIT_CONVERSION = YES;
				GCC_WARN_ABOUT_RETURN_TYPE = YES_ERROR;
				GCC_WARN_UNDECLARED_SELECTOR = YES;
				GCC_WARN_UNINITIALIZED_AUTOS = YES_AGGRESSIVE;
				GCC_WARN_UNUSED_FUNCTION = YES;
				GCC_WARN_UNUSED_VARIABLE = YES;
				IPHONEOS_DEPLOYMENT_TARGET = 8.3;
				MTL_ENABLE_DEBUG_INFO = NO;
				SDKROOT = iphoneos;
				VALIDATE_PRODUCT = YES;
			};
			name = Release;
		};
		7F2B81C11ADE61780029A717 /* Debug */ = {
			isa = XCBuildConfiguration;
			buildSettings = {
				ASSETCATALOG_COMPILER_APPICON_NAME = AppIcon;
				INFOPLIST_FILE = SortDemo/Info.plist;
				LD_RUNPATH_SEARCH_PATHS = "$(inherited) @executable_path/Frameworks";
				PRODUCT_NAME = "$(TARGET_NAME)";
			};
			name = Debug;
		};
		7F2B81C21ADE61780029A717 /* Release */ = {
			isa = XCBuildConfiguration;
			buildSettings = {
				ASSETCATALOG_COMPILER_APPICON_NAME = AppIcon;
				INFOPLIST_FILE = SortDemo/Info.plist;
				LD_RUNPATH_SEARCH_PATHS = "$(inherited) @executable_path/Frameworks";
				PRODUCT_NAME = "$(TARGET_NAME)";
			};
			name = Release;
		};
		7F2B81C41ADE61780029A717 /* Debug */ = {
			isa = XCBuildConfiguration;
			buildSettings = {
				BUNDLE_LOADER = "$(TEST_HOST)";
				FRAMEWORK_SEARCH_PATHS = (
					"$(SDKROOT)/Developer/Library/Frameworks",
					"$(inherited)",
				);
				GCC_PREPROCESSOR_DEFINITIONS = (
					"DEBUG=1",
					"$(inherited)",
				);
				INFOPLIST_FILE = SortDemoTests/Info.plist;
				LD_RUNPATH_SEARCH_PATHS = "$(inherited) @executable_path/Frameworks @loader_path/Frameworks";
				PRODUCT_NAME = "$(TARGET_NAME)";
				TEST_HOST = "$(BUILT_PRODUCTS_DIR)/SortDemo.app/SortDemo";
			};
			name = Debug;
		};
		7F2B81C51ADE61780029A717 /* Release */ = {
			isa = XCBuildConfiguration;
			buildSettings = {
				BUNDLE_LOADER = "$(TEST_HOST)";
				FRAMEWORK_SEARCH_PATHS = (
					"$(SDKROOT)/Developer/Library/Frameworks",
					"$(inherited)",
				);
				INFOPLIST_FILE = SortDemoTests/Info.plist;
				LD_RUNPATH_SEARCH_PATHS = "$(inherited) @executable_path/Frameworks @loader_path/Frameworks";
				PRODUCT_NAME = "$(TARGET_NAME)";
				TEST_HOST = "$(BUILT_PRODUCTS_DIR)/SortDemo.app/SortDemo";
			};
			name = Release;
		};
/* End XCBuildConfiguration section */

/* Begin XCConfigurationList section */
		7F2B819C1ADE61780029A717 /* Build configuration list for PBXProject "SortDemo" */ = {
			isa = XCConfigurationList;
			buildConfigurations = (
				7F2B81BE1ADE61780029A717 /* Debug */,
				7F2B81BF1ADE61780029A717 /* Release */,
			);
			defaultConfigurationIsVisible = 0;
			defaultConfigurationName = Release;
		};
		7F2B81C01ADE61780029A717 /* Build configuration list for PBXNativeTarget "SortDemo" */ = {
			isa = XCConfigurationList;
			buildConfigurations = (
				7F2B81C11ADE61780029A717 /* Debug */,
				7F2B81C21ADE61780029A717 /* Release */,
			);
			defaultConfigurationIsVisible = 0;
		};
		7F2B81C31ADE61780029A717 /* Build configuration list for PBXNativeTarget "SortDemoTests" */ = {
			isa = XCConfigurationList;
			buildConfigurations = (
				7F2B81C41ADE61780029A717 /* Debug */,
				7F2B81C51ADE61780029A717 /* Release */,
			);
			defaultConfigurationIsVisible = 0;
		};
/* End XCConfigurationList section */
	};
	rootObject = 7F2B81991ADE61770029A717 /* Project object */;
}
